{
  "requires": true,
  "lockfileVersion": 1,
  "dependencies": {
    "@mdi/font": {
      "version": "6.6.95",
      "resolved": "https://registry.npmjs.org/@mdi/font/-/font-6.6.95.tgz",
      "integrity": "sha512-WAQfnO/eqZEwXd+wD4mFV/Vna9RrVEyOdYKFa2H+sqf+PJ/a/803pPacEioOAuzGfXUVScm8cdZi8KqyeCCs1Q=="
    }
  }
}
